// !$*UTF8*$!
{
	archiveVersion = 1;
	classes = {
	};
	objectVersion = 46;
	objects = {

/* Begin PBXBuildFile section */
		570F9D9C181B5630000C7F2C /* AdLightModel.m in Sources */ = {isa = PBXBuildFile; fileRef = 570F9D9B181B5630000C7F2C /* AdLightModel.m */; };
		570F9DA7181B9E4D000C7F2C /* AdShowViewController.m in Sources */ = {isa = PBXBuildFile; fileRef = 570F9DA6181B9E4D000C7F2C /* AdShowViewController.m */; };
		570F9DAC181BBD72000C7F2C /* iCarousel.m in Sources */ = {isa = PBXBuildFile; fileRef = 570F9DAB181BBD72000C7F2C /* iCarousel.m */; };
		570F9DAE181BBDAA000C7F2C /* QuartzCore.framework in Frameworks */ = {isa = PBXBuildFile; fileRef = 570F9DAD181BBDAA000C7F2C /* QuartzCore.framework */; };
		570F9E0D181BDE69000C7F2C /* 0.jpg in Resources */ = {isa = PBXBuildFile; fileRef = 570F9E03181BDE69000C7F2C /* 0.jpg */; };
		570F9E0E181BDE69000C7F2C /* 1.jpg in Resources */ = {isa = PBXBuildFile; fileRef = 570F9E04181BDE69000C7F2C /* 1.jpg */; };
		570F9E0F181BDE69000C7F2C /* 2.jpg in Resources */ = {isa = PBXBuildFile; fileRef = 570F9E05181BDE69000C7F2C /* 2.jpg */; };
		570F9E10181BDE69000C7F2C /* 3.jpg in Resources */ = {isa = PBXBuildFile; fileRef = 570F9E06181BDE69000C7F2C /* 3.jpg */; };
		570F9E11181BDE69000C7F2C /* 4.jpg in Resources */ = {isa = PBXBuildFile; fileRef = 570F9E07181BDE69000C7F2C /* 4.jpg */; };
		570F9E12181BDE69000C7F2C /* 5.jpg in Resources */ = {isa = PBXBuildFile; fileRef = 570F9E08181BDE69000C7F2C /* 5.jpg */; };
		570F9E13181BDE69000C7F2C /* 6.jpg in Resources */ = {isa = PBXBuildFile; fileRef = 570F9E09181BDE69000C7F2C /* 6.jpg */; };
		570F9E14181BDE69000C7F2C /* 7.jpg in Resources */ = {isa = PBXBuildFile; fileRef = 570F9E0A181BDE69000C7F2C /* 7.jpg */; };
		570F9E15181BDE69000C7F2C /* 8.jpg in Resources */ = {isa = PBXBuildFile; fileRef = 570F9E0B181BDE69000C7F2C /* 8.jpg */; };
		570F9E16181BDE69000C7F2C /* 9.jpg in Resources */ = {isa = PBXBuildFile; fileRef = 570F9E0C181BDE69000C7F2C /* 9.jpg */; };
		575CD553181761AC0004887A /* GameKit.framework in Frameworks */ = {isa = PBXBuildFile; fileRef = 575CD552181761AC0004887A /* GameKit.framework */; };
		575CD55A1817C3CF0004887A /* AdDeviceConnection.m in Sources */ = {isa = PBXBuildFile; fileRef = 575CD5591817C3CF0004887A /* AdDeviceConnection.m */; };
		57D2A34018165710000E20D8 /* UIKit.framework in Frameworks */ = {isa = PBXBuildFile; fileRef = 57D2A33F18165710000E20D8 /* UIKit.framework */; };
		57D2A34218165710000E20D8 /* Foundation.framework in Frameworks */ = {isa = PBXBuildFile; fileRef = 57D2A34118165710000E20D8 /* Foundation.framework */; };
		57D2A34418165710000E20D8 /* CoreGraphics.framework in Frameworks */ = {isa = PBXBuildFile; fileRef = 57D2A34318165710000E20D8 /* CoreGraphics.framework */; };
		57D2A34A18165710000E20D8 /* InfoPlist.strings in Resources */ = {isa = PBXBuildFile; fileRef = 57D2A34818165710000E20D8 /* InfoPlist.strings */; };
		57D2A34C18165710000E20D8 /* main.m in Sources */ = {isa = PBXBuildFile; fileRef = 57D2A34B18165710000E20D8 /* main.m */; };
		57D2A35018165710000E20D8 /* AdAppDelegate.m in Sources */ = {isa = PBXBuildFile; fileRef = 57D2A34F18165710000E20D8 /* AdAppDelegate.m */; };
		57D2A35218165710000E20D8 /* Default.png in Resources */ = {isa = PBXBuildFile; fileRef = 57D2A35118165710000E20D8 /* Default.png */; };
		57D2A35418165710000E20D8 /* Default@2x.png in Resources */ = {isa = PBXBuildFile; fileRef = 57D2A35318165710000E20D8 /* Default@2x.png */; };
		57D2A35618165710000E20D8 /* Default-568h@2x.png in Resources */ = {isa = PBXBuildFile; fileRef = 57D2A35518165710000E20D8 /* Default-568h@2x.png */; };
		57D2A35918165710000E20D8 /* MainStoryboard.storyboard in Resources */ = {isa = PBXBuildFile; fileRef = 57D2A35718165710000E20D8 /* MainStoryboard.storyboard */; };
		57D2A35C18165710000E20D8 /* AdViewController.m in Sources */ = {isa = PBXBuildFile; fileRef = 57D2A35B18165710000E20D8 /* AdViewController.m */; };
/* End PBXBuildFile section */

/* Begin PBXFileReference section */
		570F9D9A181B5630000C7F2C /* AdLightModel.h */ = {isa = PBXFileReference; fileEncoding = 4; lastKnownFileType = sourcecode.c.h; path = AdLightModel.h; sourceTree = "<group>"; };
		570F9D9B181B5630000C7F2C /* AdLightModel.m */ = {isa = PBXFileReference; fileEncoding = 4; lastKnownFileType = sourcecode.c.objc; path = AdLightModel.m; sourceTree = "<group>"; };
		570F9DA5181B9E4D000C7F2C /* AdShowViewController.h */ = {isa = PBXFileReference; fileEncoding = 4; lastKnownFileType = sourcecode.c.h; path = AdShowViewController.h; sourceTree = "<group>"; };
		570F9DA6181B9E4D000C7F2C /* AdShowViewController.m */ = {isa = PBXFileReference; fileEncoding = 4; lastKnownFileType = sourcecode.c.objc; path = AdShowViewController.m; sourceTree = "<group>"; };
		570F9DAA181BBD72000C7F2C /* iCarousel.h */ = {isa = PBXFileReference; fileEncoding = 4; lastKnownFileType = sourcecode.c.h; path = iCarousel.h; sourceTree = "<group>"; };
		570F9DAB181BBD72000C7F2C /* iCarousel.m */ = {isa = PBXFileReference; fileEncoding = 4; lastKnownFileType = sourcecode.c.objc; path = iCarousel.m; sourceTree = "<group>"; };
		570F9DAD181BBDAA000C7F2C /* QuartzCore.framework */ = {isa = PBXFileReference; lastKnownFileType = wrapper.framework; name = QuartzCore.framework; path = System/Library/Frameworks/QuartzCore.framework; sourceTree = SDKROOT; };
		570F9E03181BDE69000C7F2C /* 0.jpg */ = {isa = PBXFileReference; lastKnownFileType = image.jpeg; path = 0.jpg; sourceTree = "<group>"; };
		570F9E04181BDE69000C7F2C /* 1.jpg */ = {isa = PBXFileReference; lastKnownFileType = image.jpeg; path = 1.jpg; sourceTree = "<group>"; };
		570F9E05181BDE69000C7F2C /* 2.jpg */ = {isa = PBXFileReference; lastKnownFileType = image.jpeg; path = 2.jpg; sourceTree = "<group>"; };
		570F9E06181BDE69000C7F2C /* 3.jpg */ = {isa = PBXFileReference; lastKnownFileType = image.jpeg; path = 3.jpg; sourceTree = "<group>"; };
		570F9E07181BDE69000C7F2C /* 4.jpg */ = {isa = PBXFileReference; lastKnownFileType = image.jpeg; path = 4.jpg; sourceTree = "<group>"; };
		570F9E08181BDE69000C7F2C /* 5.jpg */ = {isa = PBXFileReference; lastKnownFileType = image.jpeg; path = 5.jpg; sourceTree = "<group>"; };
		570F9E09181BDE69000C7F2C /* 6.jpg */ = {isa = PBXFileReference; lastKnownFileType = image.jpeg; path = 6.jpg; sourceTree = "<group>"; };
		570F9E0A181BDE69000C7F2C /* 7.jpg */ = {isa = PBXFileReference; lastKnownFileType = image.jpeg; path = 7.jpg; sourceTree = "<group>"; };
		570F9E0B181BDE69000C7F2C /* 8.jpg */ = {isa = PBXFileReference; lastKnownFileType = image.jpeg; path = 8.jpg; sourceTree = "<group>"; };
		570F9E0C181BDE69000C7F2C /* 9.jpg */ = {isa = PBXFileReference; lastKnownFileType = image.jpeg; path = 9.jpg; sourceTree = "<group>"; };
		575CD552181761AC0004887A /* GameKit.framework */ = {isa = PBXFileReference; lastKnownFileType = wrapper.framework; name = GameKit.framework; path = System/Library/Frameworks/GameKit.framework; sourceTree = SDKROOT; };
		575CD5581817C3CF0004887A /* AdDeviceConnection.h */ = {isa = PBXFileReference; fileEncoding = 4; lastKnownFileType = sourcecode.c.h; name = AdDeviceConnection.h; path = model/AdDeviceConnection.h; sourceTree = "<group>"; };
		575CD5591817C3CF0004887A /* AdDeviceConnection.m */ = {isa = PBXFileReference; fileEncoding = 4; lastKnownFileType = sourcecode.c.objc; name = AdDeviceConnection.m; path = model/AdDeviceConnection.m; sourceTree = "<group>"; };
		57D2A33C18165710000E20D8 /* AdLight.app */ = {isa = PBXFileReference; explicitFileType = wrapper.application; includeInIndex = 0; path = AdLight.app; sourceTree = BUILT_PRODUCTS_DIR; };
		57D2A33F18165710000E20D8 /* UIKit.framework */ = {isa = PBXFileReference; lastKnownFileType = wrapper.framework; name = UIKit.framework; path = System/Library/Frameworks/UIKit.framework; sourceTree = SDKROOT; };
		57D2A34118165710000E20D8 /* Foundation.framework */ = {isa = PBXFileReference; lastKnownFileType = wrapper.framework; name = Foundation.framework; path = System/Library/Frameworks/Foundation.framework; sourceTree = SDKROOT; };
		57D2A34318165710000E20D8 /* CoreGraphics.framework */ = {isa = PBXFileReference; lastKnownFileType = wrapper.framework; name = CoreGraphics.framework; path = System/Library/Frameworks/CoreGraphics.framework; sourceTree = SDKROOT; };
		57D2A34718165710000E20D8 /* AdLight-Info.plist */ = {isa = PBXFileReference; lastKnownFileType = text.plist.xml; path = "AdLight-Info.plist"; sourceTree = "<group>"; };
		57D2A34918165710000E20D8 /* en */ = {isa = PBXFileReference; lastKnownFileType = text.plist.strings; name = en; path = en.lproj/InfoPlist.strings; sourceTree = "<group>"; };
		57D2A34B18165710000E20D8 /* main.m */ = {isa = PBXFileReference; lastKnownFileType = sourcecode.c.objc; path = main.m; sourceTree = "<group>"; };
		57D2A34D18165710000E20D8 /* AdLight-Prefix.pch */ = {isa = PBXFileReference; lastKnownFileType = sourcecode.c.h; path = "AdLight-Prefix.pch"; sourceTree = "<group>"; };
		57D2A34E18165710000E20D8 /* AdAppDelegate.h */ = {isa = PBXFileReference; lastKnownFileType = sourcecode.c.h; path = AdAppDelegate.h; sourceTree = "<group>"; };
		57D2A34F18165710000E20D8 /* AdAppDelegate.m */ = {isa = PBXFileReference; lastKnownFileType = sourcecode.c.objc; path = AdAppDelegate.m; sourceTree = "<group>"; };
		57D2A35118165710000E20D8 /* Default.png */ = {isa = PBXFileReference; lastKnownFileType = image.png; path = Default.png; sourceTree = "<group>"; };
		57D2A35318165710000E20D8 /* Default@2x.png */ = {isa = PBXFileReference; lastKnownFileType = image.png; path = "Default@2x.png"; sourceTree = "<group>"; };
		57D2A35518165710000E20D8 /* Default-568h@2x.png */ = {isa = PBXFileReference; lastKnownFileType = image.png; path = "Default-568h@2x.png"; sourceTree = "<group>"; };
		57D2A35818165710000E20D8 /* en */ = {isa = PBXFileReference; lastKnownFileType = file.storyboard; name = en; path = en.lproj/MainStoryboard.storyboard; sourceTree = "<group>"; };
		57D2A35A18165710000E20D8 /* AdViewController.h */ = {isa = PBXFileReference; lastKnownFileType = sourcecode.c.h; path = AdViewController.h; sourceTree = "<group>"; };
		57D2A35B18165710000E20D8 /* AdViewController.m */ = {isa = PBXFileReference; lastKnownFileType = sourcecode.c.objc; path = AdViewController.m; sourceTree = "<group>"; };
/* End PBXFileReference section */

/* Begin PBXFrameworksBuildPhase section */
		57D2A33918165710000E20D8 /* Frameworks */ = {
			isa = PBXFrameworksBuildPhase;
			buildActionMask = 2147483647;
			files = (
				570F9DAE181BBDAA000C7F2C /* QuartzCore.framework in Frameworks */,
				575CD553181761AC0004887A /* GameKit.framework in Frameworks */,
				57D2A34018165710000E20D8 /* UIKit.framework in Frameworks */,
				57D2A34218165710000E20D8 /* Foundation.framework in Frameworks */,
				57D2A34418165710000E20D8 /* CoreGraphics.framework in Frameworks */,
			);
			runOnlyForDeploymentPostprocessing = 0;
		};
/* End PBXFrameworksBuildPhase section */

/* Begin PBXGroup section */
		570F9E02181BDE68000C7F2C /* pic */ = {
			isa = PBXGroup;
			children = (
				570F9E03181BDE69000C7F2C /* 0.jpg */,
				570F9E04181BDE69000C7F2C /* 1.jpg */,
				570F9E05181BDE69000C7F2C /* 2.jpg */,
				570F9E06181BDE69000C7F2C /* 3.jpg */,
				570F9E07181BDE69000C7F2C /* 4.jpg */,
				570F9E08181BDE69000C7F2C /* 5.jpg */,
				570F9E09181BDE69000C7F2C /* 6.jpg */,
				570F9E0A181BDE69000C7F2C /* 7.jpg */,
				570F9E0B181BDE69000C7F2C /* 8.jpg */,
				570F9E0C181BDE69000C7F2C /* 9.jpg */,
			);
			path = pic;
			sourceTree = SOURCE_ROOT;
		};
		575CD55B1817C3D60004887A /* model */ = {
			isa = PBXGroup;
			children = (
				575CD5581817C3CF0004887A /* AdDeviceConnection.h */,
				575CD5591817C3CF0004887A /* AdDeviceConnection.m */,
				570F9D9A181B5630000C7F2C /* AdLightModel.h */,
				570F9D9B181B5630000C7F2C /* AdLightModel.m */,
			);
			name = model;
			sourceTree = "<group>";
		};
		57D2A3331816570F000E20D8 = {
			isa = PBXGroup;
			children = (
				57D2A34518165710000E20D8 /* AdLight */,
				57D2A33E18165710000E20D8 /* Frameworks */,
				57D2A33D18165710000E20D8 /* Products */,
			);
			sourceTree = "<group>";
		};
		57D2A33D18165710000E20D8 /* Products */ = {
			isa = PBXGroup;
			children = (
				57D2A33C18165710000E20D8 /* AdLight.app */,
			);
			name = Products;
			sourceTree = "<group>";
		};
		57D2A33E18165710000E20D8 /* Frameworks */ = {
			isa = PBXGroup;
			children = (
				570F9DAD181BBDAA000C7F2C /* QuartzCore.framework */,
				57D2A34318165710000E20D8 /* CoreGraphics.framework */,
				57D2A34118165710000E20D8 /* Foundation.framework */,
				575CD552181761AC0004887A /* GameKit.framework */,
				57D2A33F18165710000E20D8 /* UIKit.framework */,
			);
			name = Frameworks;
			sourceTree = "<group>";
		};
		57D2A34518165710000E20D8 /* AdLight */ = {
			isa = PBXGroup;
			children = (
				570F9E02181BDE68000C7F2C /* pic */,
				575CD55B1817C3D60004887A /* model */,
				57D2A34E18165710000E20D8 /* AdAppDelegate.h */,
				57D2A34F18165710000E20D8 /* AdAppDelegate.m */,
				57D2A35718165710000E20D8 /* MainStoryboard.storyboard */,
				57D2A35A18165710000E20D8 /* AdViewController.h */,
				57D2A35B18165710000E20D8 /* AdViewController.m */,
				570F9DA5181B9E4D000C7F2C /* AdShowViewController.h */,
				570F9DA6181B9E4D000C7F2C /* AdShowViewController.m */,
				57D2A34618165710000E20D8 /* Supporting Files */,
				570F9DAA181BBD72000C7F2C /* iCarousel.h */,
				570F9DAB181BBD72000C7F2C /* iCarousel.m */,
			);
			path = AdLight;
			sourceTree = "<group>";
		};
		57D2A34618165710000E20D8 /* Supporting Files */ = {
			isa = PBXGroup;
			children = (
				57D2A34718165710000E20D8 /* AdLight-Info.plist */,
				57D2A34818165710000E20D8 /* InfoPlist.strings */,
				57D2A34B18165710000E20D8 /* main.m */,
				57D2A34D18165710000E20D8 /* AdLight-Prefix.pch */,
				57D2A35118165710000E20D8 /* Default.png */,
				57D2A35318165710000E20D8 /* Default@2x.png */,
				57D2A35518165710000E20D8 /* Default-568h@2x.png */,
			);
			name = "Supporting Files";
			sourceTree = "<group>";
		};
/* End PBXGroup section */

/* Begin PBXNativeTarget section */
		57D2A33B18165710000E20D8 /* AdLight */ = {
			isa = PBXNativeTarget;
			buildConfigurationList = 57D2A35F18165710000E20D8 /* Build configuration list for PBXNativeTarget "AdLight" */;
			buildPhases = (
				57D2A33818165710000E20D8 /* Sources */,
				57D2A33918165710000E20D8 /* Frameworks */,
				57D2A33A18165710000E20D8 /* Resources */,
			);
			buildRules = (
			);
			dependencies = (
			);
			name = AdLight;
			productName = AdLight;
			productReference = 57D2A33C18165710000E20D8 /* AdLight.app */;
			productType = "com.apple.product-type.application";
		};
/* End PBXNativeTarget section */

/* Begin PBXProject section */
		57D2A33418165710000E20D8 /* Project object */ = {
			isa = PBXProject;
			attributes = {
				CLASSPREFIX = Ad;
				LastUpgradeCheck = 0460;
				ORGANIZATIONNAME = kiwi;
			};
			buildConfigurationList = 57D2A33718165710000E20D8 /* Build configuration list for PBXProject "AdLight" */;
			compatibilityVersion = "Xcode 3.2";
			developmentRegion = English;
			hasScannedForEncodings = 0;
			knownRegions = (
				en,
			);
			mainGroup = 57D2A3331816570F000E20D8;
			productRefGroup = 57D2A33D18165710000E20D8 /* Products */;
			projectDirPath = "";
			projectRoot = "";
			targets = (
				57D2A33B18165710000E20D8 /* AdLight */,
			);
		};
/* End PBXProject section */

/* Begin PBXResourcesBuildPhase section */
		57D2A33A18165710000E20D8 /* Resources */ = {
			isa = PBXResourcesBuildPhase;
			buildActionMask = 2147483647;
			files = (
				57D2A34A18165710000E20D8 /* InfoPlist.strings in Resources */,
				57D2A35218165710000E20D8 /* Default.png in Resources */,
				57D2A35418165710000E20D8 /* Default@2x.png in Resources */,
				57D2A35618165710000E20D8 /* Default-568h@2x.png in Resources */,
				57D2A35918165710000E20D8 /* MainStoryboard.storyboard in Resources */,
				570F9E0D181BDE69000C7F2C /* 0.jpg in Resources */,
				570F9E0E181BDE69000C7F2C /* 1.jpg in Resources */,
				570F9E0F181BDE69000C7F2C /* 2.jpg in Resources */,
				570F9E10181BDE69000C7F2C /* 3.jpg in Resources */,
				570F9E11181BDE69000C7F2C /* 4.jpg in Resources */,
				570F9E12181BDE69000C7F2C /* 5.jpg in Resources */,
				570F9E13181BDE69000C7F2C /* 6.jpg in Resources */,
				570F9E14181BDE69000C7F2C /* 7.jpg in Resources */,
				570F9E15181BDE69000C7F2C /* 8.jpg in Resources */,
				570F9E16181BDE69000C7F2C /* 9.jpg in Resources */,
			);
			runOnlyForDeploymentPostprocessing = 0;
		};
/* End PBXResourcesBuildPhase section */

/* Begin PBXSourcesBuildPhase section */
		57D2A33818165710000E20D8 /* Sources */ = {
			isa = PBXSourcesBuildPhase;
			buildActionMask = 2147483647;
			files = (
				57D2A34C18165710000E20D8 /* main.m in Sources */,
				57D2A35018165710000E20D8 /* AdAppDelegate.m in Sources */,
				57D2A35C18165710000E20D8 /* AdViewController.m in Sources */,
				575CD55A1817C3CF0004887A /* AdDeviceConnection.m in Sources */,
				570F9D9C181B5630000C7F2C /* AdLightModel.m in Sources */,
				570F9DA7181B9E4D000C7F2C /* AdShowViewController.m in Sources */,
				570F9DAC181BBD72000C7F2C /* iCarousel.m in Sources */,
			);
			runOnlyForDeploymentPostprocessing = 0;
		};
/* End PBXSourcesBuildPhase section */

/* Begin PBXVariantGroup section */
		57D2A34818165710000E20D8 /* InfoPlist.strings */ = {
			isa = PBXVariantGroup;
			children = (
				57D2A34918165710000E20D8 /* en */,
			);
			name = InfoPlist.strings;
			sourceTree = "<group>";
		};
		57D2A35718165710000E20D8 /* MainStoryboard.storyboard */ = {
			isa = PBXVariantGroup;
			children = (
				57D2A35818165710000E20D8 /* en */,
			);
			name = MainStoryboard.storyboard;
			sourceTree = "<group>";
		};
/* End PBXVariantGroup section */

/* Begin XCBuildConfiguration section */
		57D2A35D18165710000E20D8 /* Debug */ = {
			isa = XCBuildConfiguration;
			buildSettings = {
				ALWAYS_SEARCH_USER_PATHS = NO;
				CLANG_CXX_LANGUAGE_STANDARD = "gnu++0x";
				CLANG_CXX_LIBRARY = "libc++";
				CLANG_ENABLE_OBJC_ARC = YES;
				CLANG_WARN_CONSTANT_CONVERSION = YES;
				CLANG_WARN_EMPTY_BODY = YES;
				CLANG_WARN_ENUM_CONVERSION = YES;
				CLANG_WARN_INT_CONVERSION = YES;
				CLANG_WARN__DUPLICATE_METHOD_MATCH = YES;
				"CODE_SIGN_IDENTITY[sdk=iphoneos*]" = "iPhone Developer";
				COPY_PHASE_STRIP = NO;
				GCC_C_LANGUAGE_STANDARD = gnu99;
				GCC_DYNAMIC_NO_PIC = NO;
				GCC_OPTIMIZATION_LEVEL = 0;
				GCC_PREPROCESSOR_DEFINITIONS = (
					"DEBUG=1",
					"$(inherited)",
				);
				GCC_SYMBOLS_PRIVATE_EXTERN = NO;
				GCC_WARN_ABOUT_RETURN_TYPE = YES;
				GCC_WARN_UNINITIALIZED_AUTOS = YES;
				GCC_WARN_UNUSED_VARIABLE = YES;
				IPHONEOS_DEPLOYMENT_TARGET = 6.1;
				ONLY_ACTIVE_ARCH = YES;
				SDKROOT = iphoneos;
				TARGETED_DEVICE_FAMILY = 2;
			};
			name = Debug;
		};
		57D2A35E18165710000E20D8 /* Release */ = {
			isa = XCBuildConfiguration;
			buildSettings = {
				ALWAYS_SEARCH_USER_PATHS = NO;
				CLANG_CXX_LANGUAGE_STANDARD = "gnu++0x";
				CLANG_CXX_LIBRARY = "libc++";
				CLANG_ENABLE_OBJC_ARC = YES;
				CLANG_WARN_CONSTANT_CONVERSION = YES;
				CLANG_WARN_EMPTY_BODY = YES;
				CLANG_WARN_ENUM_CONVERSION = YES;
				CLANG_WARN_INT_CONVERSION = YES;
				CLANG_WARN__DUPLICATE_METHOD_MATCH = YES;
				"CODE_SIGN_IDENTITY[sdk=iphoneos*]" = "iPhone Developer";
				COPY_PHASE_STRIP = YES;
				GCC_C_LANGUAGE_STANDARD = gnu99;
				GCC_WARN_ABOUT_RETURN_TYPE = YES;
				GCC_WARN_UNINITIALIZED_AUTOS = YES;
				GCC_WARN_UNUSED_VARIABLE = YES;
				IPHONEOS_DEPLOYMENT_TARGET = 6.1;
				OTHER_CFLAGS = "-DNS_BLOCK_ASSERTIONS=1";
				SDKROOT = iphoneos;
				TARGETED_DEVICE_FAMILY = 2;
				VALIDATE_PRODUCT = YES;
			};
			name = Release;
		};
		57D2A36018165710000E20D8 /* Debug */ = {
			isa = XCBuildConfiguration;
			buildSettings = {
				GCC_PRECOMPILE_PREFIX_HEADER = YES;
				GCC_PREFIX_HEADER = "AdLight/AdLight-Prefix.pch";
				INFOPLIST_FILE = "AdLight/AdLight-Info.plist";
				PRODUCT_NAME = "$(TARGET_NAME)";
				WRAPPER_EXTENSION = app;
			};
			name = Debug;
		};
		57D2A36118165710000E20D8 /* Release */ = {
			isa = XCBuildConfiguration;
			buildSettings = {
				GCC_PRECOMPILE_PREFIX_HEADER = YES;
				GCC_PREFIX_HEADER = "AdLight/AdLight-Prefix.pch";
				INFOPLIST_FILE = "AdLight/AdLight-Info.plist";
				PRODUCT_NAME = "$(TARGET_NAME)";
				WRAPPER_EXTENSION = app;
			};
			name = Release;
		};
/* End XCBuildConfiguration section */

/* Begin XCConfigurationList section */
		57D2A33718165710000E20D8 /* Build configuration list for PBXProject "AdLight" */ = {
			isa = XCConfigurationList;
			buildConfigurations = (
				57D2A35D18165710000E20D8 /* Debug */,
				57D2A35E18165710000E20D8 /* Release */,
			);
			defaultConfigurationIsVisible = 0;
			defaultConfigurationName = Release;
		};
		57D2A35F18165710000E20D8 /* Build configuration list for PBXNativeTarget "AdLight" */ = {
			isa = XCConfigurationList;
			buildConfigurations = (
				57D2A36018165710000E20D8 /* Debug */,
				57D2A36118165710000E20D8 /* Release */,
			);
			defaultConfigurationIsVisible = 0;
			defaultConfigurationName = Release;
		};
/* End XCConfigurationList section */
	};
	rootObject = 57D2A33418165710000E20D8 /* Project object */;
}
